PODS:
  - AppAuth (1.5.0):
    - AppAuth/Core (= 1.5.0)
    - AppAuth/ExternalUserAgent (= 1.5.0)
  - AppAuth/Core (1.5.0)
  - AppAuth/ExternalUserAgent (1.5.0):
    - AppAuth/Core
  - boost-for-react-native (1.63.0)
  - BVLinearGradient (2.5.6):
    - React
  - CocoaAsyncSocket (7.6.5)
  - DoubleConversion (1.1.6)
  - FBLazyVector (0.64.0)
  - FBReactNativeSpec (0.64.0):
    - RCT-Folly (= 2020.01.13.00)
    - RCTRequired (= 0.64.0)
    - RCTTypeSafety (= 0.64.0)
    - React-Core (= 0.64.0)
    - React-jsi (= 0.64.0)
    - ReactCommon/turbomodule/core (= 0.64.0)
  - Firebase/Auth (8.8.0):
    - Firebase/CoreOnly
    - FirebaseAuth (~> 8.8.0)
  - Firebase/CoreOnly (8.8.0):
    - FirebaseCore (= 8.8.0)
  - Firebase/Database (8.8.0):
    - Firebase/CoreOnly
    - FirebaseDatabase (~> 8.8.0)
  - Firebase/Messaging (8.8.0):
    - Firebase/CoreOnly
    - FirebaseMessaging (~> 8.8.0)
  - FirebaseAuth (8.8.0):
    - FirebaseCore (~> 8.0)
    - GoogleUtilities/AppDelegateSwizzler (~> 7.4)
    - GoogleUtilities/Environment (~> 7.4)
    - GTMSessionFetcher/Core (~> 1.5)
  - FirebaseCore (8.8.0):
    - FirebaseCoreDiagnostics (~> 8.0)
    - GoogleUtilities/Environment (~> 7.4)
    - GoogleUtilities/Logger (~> 7.4)
  - FirebaseCoreDiagnostics (8.15.0):
    - GoogleDataTransport (~> 9.1)
    - GoogleUtilities/Environment (~> 7.7)
    - GoogleUtilities/Logger (~> 7.7)
    - nanopb (~> 2.30908.0)
  - FirebaseDatabase (8.8.0):
    - FirebaseCore (~> 8.0)
    - leveldb-library (~> 1.22)
  - FirebaseInstallations (8.15.0):
    - FirebaseCore (~> 8.0)
    - GoogleUtilities/Environment (~> 7.7)
    - GoogleUtilities/UserDefaults (~> 7.7)
    - PromisesObjC (< 3.0, >= 1.2)
  - FirebaseMessaging (8.8.0):
    - FirebaseCore (~> 8.0)
    - FirebaseInstallations (~> 8.0)
    - GoogleDataTransport (~> 9.0)
    - GoogleUtilities/AppDelegateSwizzler (~> 7.4)
    - GoogleUtilities/Environment (~> 7.4)
    - GoogleUtilities/Reachability (~> 7.4)
    - GoogleUtilities/UserDefaults (~> 7.4)
    - nanopb (~> 2.30908.0)
  - Flipper (0.75.1):
    - Flipper-Folly (~> 2.5)
    - Flipper-RSocket (~> 1.3)
  - Flipper-Boost-iOSX (1.76.0.1.11)
  - Flipper-DoubleConversion (1.1.7)
  - Flipper-Fmt (7.1.7)
  - Flipper-Folly (2.6.10):
    - Flipper-Boost-iOSX
    - Flipper-DoubleConversion
    - Flipper-Fmt (= 7.1.7)
    - Flipper-Glog
    - libevent (~> 2.1.12)
    - OpenSSL-Universal (= 1.1.1100)
  - Flipper-Glog (0.3.6)
  - Flipper-PeerTalk (0.0.4)
  - Flipper-RSocket (1.4.3):
    - Flipper-Folly (~> 2.6)
  - FlipperKit (0.75.1):
    - FlipperKit/Core (= 0.75.1)
  - FlipperKit/Core (0.75.1):
    - Flipper (~> 0.75.1)
    - FlipperKit/CppBridge
    - FlipperKit/FBCxxFollyDynamicConvert
    - FlipperKit/FBDefines
    - FlipperKit/FKPortForwarding
  - FlipperKit/CppBridge (0.75.1):
    - Flipper (~> 0.75.1)
  - FlipperKit/FBCxxFollyDynamicConvert (0.75.1):
    - Flipper-Folly (~> 2.5)
  - FlipperKit/FBDefines (0.75.1)
  - FlipperKit/FKPortForwarding (0.75.1):
    - CocoaAsyncSocket (~> 7.6)
    - Flipper-PeerTalk (~> 0.0.4)
  - FlipperKit/FlipperKitHighlightOverlay (0.75.1)
  - FlipperKit/FlipperKitLayoutPlugin (0.75.1):
    - FlipperKit/Core
    - FlipperKit/FlipperKitHighlightOverlay
    - FlipperKit/FlipperKitLayoutTextSearchable
    - YogaKit (~> 1.18)
  - FlipperKit/FlipperKitLayoutTextSearchable (0.75.1)
  - FlipperKit/FlipperKitNetworkPlugin (0.75.1):
    - FlipperKit/Core
  - FlipperKit/FlipperKitReactPlugin (0.75.1):
    - FlipperKit/Core
  - FlipperKit/FlipperKitUserDefaultsPlugin (0.75.1):
    - FlipperKit/Core
  - FlipperKit/SKIOSNetworkPlugin (0.75.1):
    - FlipperKit/Core
    - FlipperKit/FlipperKitNetworkPlugin
  - glog (0.3.5)
  - GoogleDataTransport (9.1.4):
    - GoogleUtilities/Environment (~> 7.7)
    - nanopb (< 2.30910.0, >= 2.30908.0)
    - PromisesObjC (< 3.0, >= 1.2)
  - GoogleSignIn (6.1.0):
    - AppAuth (~> 1.4)
    - GTMAppAuth (~> 1.0)
    - GTMSessionFetcher/Core (~> 1.1)
  - GoogleUtilities/AppDelegateSwizzler (7.7.0):
    - GoogleUtilities/Environment
    - GoogleUtilities/Logger
    - GoogleUtilities/Network
  - GoogleUtilities/Environment (7.7.0):
    - PromisesObjC (< 3.0, >= 1.2)
  - GoogleUtilities/Logger (7.7.0):
    - GoogleUtilities/Environment
  - GoogleUtilities/Network (7.7.0):
    - GoogleUtilities/Logger
    - "GoogleUtilities/NSData+zlib"
    - GoogleUtilities/Reachability
  - "GoogleUtilities/NSData+zlib (7.7.0)"
  - GoogleUtilities/Reachability (7.7.0):
    - GoogleUtilities/Logger
  - GoogleUtilities/UserDefaults (7.7.0):
    - GoogleUtilities/Logger
  - GTMAppAuth (1.3.0):
    - AppAuth/Core (~> 1.4)
    - GTMSessionFetcher/Core (~> 1.5)
  - GTMSessionFetcher/Core (1.7.2)
  - leveldb-library (1.22.1)
  - libevent (2.1.12)
  - libwebp (1.2.1):
    - libwebp/demux (= 1.2.1)
    - libwebp/mux (= 1.2.1)
    - libwebp/webp (= 1.2.1)
  - libwebp/demux (1.2.1):
    - libwebp/webp
  - libwebp/mux (1.2.1):
    - libwebp/demux
  - libwebp/webp (1.2.1)
  - nanopb (2.30908.0):
    - nanopb/decode (= 2.30908.0)
    - nanopb/encode (= 2.30908.0)
  - nanopb/decode (2.30908.0)
  - nanopb/encode (2.30908.0)
  - OpenSSL-Universal (1.1.1100)
  - PromisesObjC (2.1.1)
  - RCT-Folly (2020.01.13.00):
    - boost-for-react-native
    - DoubleConversion
    - glog
    - RCT-Folly/Default (= 2020.01.13.00)
  - RCT-Folly/Default (2020.01.13.00):
    - boost-for-react-native
    - DoubleConversion
    - glog
  - RCTRequired (0.64.0)
  - RCTTypeSafety (0.64.0):
    - FBLazyVector (= 0.64.0)
    - RCT-Folly (= 2020.01.13.00)
    - RCTRequired (= 0.64.0)
    - React-Core (= 0.64.0)
  - React (0.64.0):
    - React-Core (= 0.64.0)
    - React-Core/DevSupport (= 0.64.0)
    - React-Core/RCTWebSocket (= 0.64.0)
    - React-RCTActionSheet (= 0.64.0)
    - React-RCTAnimation (= 0.64.0)
    - React-RCTBlob (= 0.64.0)
    - React-RCTImage (= 0.64.0)
    - React-RCTLinking (= 0.64.0)
    - React-RCTNetwork (= 0.64.0)
    - React-RCTSettings (= 0.64.0)
    - React-RCTText (= 0.64.0)
    - React-RCTVibration (= 0.64.0)
  - React-callinvoker (0.64.0)
  - React-Core (0.64.0):
    - glog
    - RCT-Folly (= 2020.01.13.00)
    - React-Core/Default (= 0.64.0)
    - React-cxxreact (= 0.64.0)
    - React-jsi (= 0.64.0)
    - React-jsiexecutor (= 0.64.0)
    - React-perflogger (= 0.64.0)
    - Yoga
  - React-Core/CoreModulesHeaders (0.64.0):
    - glog
    - RCT-Folly (= 2020.01.13.00)
    - React-Core/Default
    - React-cxxreact (= 0.64.0)
    - React-jsi (= 0.64.0)
    - React-jsiexecutor (= 0.64.0)
    - React-perflogger (= 0.64.0)
    - Yoga
  - React-Core/Default (0.64.0):
    - glog
    - RCT-Folly (= 2020.01.13.00)
    - React-cxxreact (= 0.64.0)
    - React-jsi (= 0.64.0)
    - React-jsiexecutor (= 0.64.0)
    - React-perflogger (= 0.64.0)
    - Yoga
  - React-Core/DevSupport (0.64.0):
    - glog
    - RCT-Folly (= 2020.01.13.00)
    - React-Core/Default (= 0.64.0)
    - React-Core/RCTWebSocket (= 0.64.0)
    - React-cxxreact (= 0.64.0)
    - React-jsi (= 0.64.0)
    - React-jsiexecutor (= 0.64.0)
    - React-jsinspector (= 0.64.0)
    - React-perflogger (= 0.64.0)
    - Yoga
  - React-Core/RCTActionSheetHeaders (0.64.0):
    - glog
    - RCT-Folly (= 2020.01.13.00)
    - React-Core/Default
    - React-cxxreact (= 0.64.0)
    - React-jsi (= 0.64.0)
    - React-jsiexecutor (= 0.64.0)
    - React-perflogger (= 0.64.0)
    - Yoga
  - React-Core/RCTAnimationHeaders (0.64.0):
    - glog
    - RCT-Folly (= 2020.01.13.00)
    - React-Core/Default
    - React-cxxreact (= 0.64.0)
    - React-jsi (= 0.64.0)
    - React-jsiexecutor (= 0.64.0)
    - React-perflogger (= 0.64.0)
    - Yoga
  - React-Core/RCTBlobHeaders (0.64.0):
    - glog
    - RCT-Folly (= 2020.01.13.00)
    - React-Core/Default
    - React-cxxreact (= 0.64.0)
    - React-jsi (= 0.64.0)
    - React-jsiexecutor (= 0.64.0)
    - React-perflogger (= 0.64.0)
    - Yoga
  - React-Core/RCTImageHeaders (0.64.0):
    - glog
    - RCT-Folly (= 2020.01.13.00)
    - React-Core/Default
    - React-cxxreact (= 0.64.0)
    - React-jsi (= 0.64.0)
    - React-jsiexecutor (= 0.64.0)
    - React-perflogger (= 0.64.0)
    - Yoga
  - React-Core/RCTLinkingHeaders (0.64.0):
    - glog
    - RCT-Folly (= 2020.01.13.00)
    - React-Core/Default
    - React-cxxreact (= 0.64.0)
    - React-jsi (= 0.64.0)
    - React-jsiexecutor (= 0.64.0)
    - React-perflogger (= 0.64.0)
    - Yoga
  - React-Core/RCTNetworkHeaders (0.64.0):
    - glog
    - RCT-Folly (= 2020.01.13.00)
    - React-Core/Default
    - React-cxxreact (= 0.64.0)
    - React-jsi (= 0.64.0)
    - React-jsiexecutor (= 0.64.0)
    - React-perflogger (= 0.64.0)
    - Yoga
  - React-Core/RCTSettingsHeaders (0.64.0):
    - glog
    - RCT-Folly (= 2020.01.13.00)
    - React-Core/Default
    - React-cxxreact (= 0.64.0)
    - React-jsi (= 0.64.0)
    - React-jsiexecutor (= 0.64.0)
    - React-perflogger (= 0.64.0)
    - Yoga
  - React-Core/RCTTextHeaders (0.64.0):
    - glog
    - RCT-Folly (= 2020.01.13.00)
    - React-Core/Default
    - React-cxxreact (= 0.64.0)
    - React-jsi (= 0.64.0)
    - React-jsiexecutor (= 0.64.0)
    - React-perflogger (= 0.64.0)
    - Yoga
  - React-Core/RCTVibrationHeaders (0.64.0):
    - glog
    - RCT-Folly (= 2020.01.13.00)
    - React-Core/Default
    - React-cxxreact (= 0.64.0)
    - React-jsi (= 0.64.0)
    - React-jsiexecutor (= 0.64.0)
    - React-perflogger (= 0.64.0)
    - Yoga
  - React-Core/RCTWebSocket (0.64.0):
    - glog
    - RCT-Folly (= 2020.01.13.00)
    - React-Core/Default (= 0.64.0)
    - React-cxxreact (= 0.64.0)
    - React-jsi (= 0.64.0)
    - React-jsiexecutor (= 0.64.0)
    - React-perflogger (= 0.64.0)
    - Yoga
  - React-CoreModules (0.64.0):
    - FBReactNativeSpec (= 0.64.0)
    - RCT-Folly (= 2020.01.13.00)
    - RCTTypeSafety (= 0.64.0)
    - React-Core/CoreModulesHeaders (= 0.64.0)
    - React-jsi (= 0.64.0)
    - React-RCTImage (= 0.64.0)
    - ReactCommon/turbomodule/core (= 0.64.0)
  - React-cxxreact (0.64.0):
    - boost-for-react-native (= 1.63.0)
    - DoubleConversion
    - glog
    - RCT-Folly (= 2020.01.13.00)
    - React-callinvoker (= 0.64.0)
    - React-jsi (= 0.64.0)
    - React-jsinspector (= 0.64.0)
    - React-perflogger (= 0.64.0)
    - React-runtimeexecutor (= 0.64.0)
  - React-jsi (0.64.0):
    - boost-for-react-native (= 1.63.0)
    - DoubleConversion
    - glog
    - RCT-Folly (= 2020.01.13.00)
    - React-jsi/Default (= 0.64.0)
  - React-jsi/Default (0.64.0):
    - boost-for-react-native (= 1.63.0)
    - DoubleConversion
    - glog
    - RCT-Folly (= 2020.01.13.00)
  - React-jsiexecutor (0.64.0):
    - DoubleConversion
    - glog
    - RCT-Folly (= 2020.01.13.00)
    - React-cxxreact (= 0.64.0)
    - React-jsi (= 0.64.0)
    - React-perflogger (= 0.64.0)
  - React-jsinspector (0.64.0)
  - react-native-camera (4.2.1):
    - React-Core
    - react-native-camera/RCT (= 4.2.1)
    - react-native-camera/RN (= 4.2.1)
  - react-native-camera/RCT (4.2.1):
    - React-Core
  - react-native-camera/RN (4.2.1):
    - React-Core
  - react-native-encrypted-storage (4.0.2):
    - React-Core
  - react-native-image-base64 (0.1.4):
    - React
  - react-native-image-picker (4.7.3):
    - React-Core
  - react-native-maps (0.29.4):
    - React-Core
  - react-native-netinfo (6.2.1):
    - React-Core
  - react-native-pager-view (5.4.15):
    - React-Core
  - react-native-safe-area-context (3.4.1):
    - React-Core
  - react-native-simple-toast (1.1.3):
    - React-Core
    - Toast (~> 4.0.0)
  - react-native-video (5.2.0):
    - React-Core
    - react-native-video/Video (= 5.2.0)
  - react-native-video/Video (5.2.0):
    - React-Core
  - react-native-webview (11.17.2):
    - React-Core
  - React-perflogger (0.64.0)
  - React-RCTActionSheet (0.64.0):
    - React-Core/RCTActionSheetHeaders (= 0.64.0)
  - React-RCTAnimation (0.64.0):
    - FBReactNativeSpec (= 0.64.0)
    - RCT-Folly (= 2020.01.13.00)
    - RCTTypeSafety (= 0.64.0)
    - React-Core/RCTAnimationHeaders (= 0.64.0)
    - React-jsi (= 0.64.0)
    - ReactCommon/turbomodule/core (= 0.64.0)
  - React-RCTBlob (0.64.0):
    - FBReactNativeSpec (= 0.64.0)
    - RCT-Folly (= 2020.01.13.00)
    - React-Core/RCTBlobHeaders (= 0.64.0)
    - React-Core/RCTWebSocket (= 0.64.0)
    - React-jsi (= 0.64.0)
    - React-RCTNetwork (= 0.64.0)
    - ReactCommon/turbomodule/core (= 0.64.0)
  - React-RCTImage (0.64.0):
    - FBReactNativeSpec (= 0.64.0)
    - RCT-Folly (= 2020.01.13.00)
    - RCTTypeSafety (= 0.64.0)
    - React-Core/RCTImageHeaders (= 0.64.0)
    - React-jsi (= 0.64.0)
    - React-RCTNetwork (= 0.64.0)
    - ReactCommon/turbomodule/core (= 0.64.0)
  - React-RCTLinking (0.64.0):
    - FBReactNativeSpec (= 0.64.0)
    - React-Core/RCTLinkingHeaders (= 0.64.0)
    - React-jsi (= 0.64.0)
    - ReactCommon/turbomodule/core (= 0.64.0)
  - React-RCTNetwork (0.64.0):
    - FBReactNativeSpec (= 0.64.0)
    - RCT-Folly (= 2020.01.13.00)
    - RCTTypeSafety (= 0.64.0)
    - React-Core/RCTNetworkHeaders (= 0.64.0)
    - React-jsi (= 0.64.0)
    - ReactCommon/turbomodule/core (= 0.64.0)
  - React-RCTSettings (0.64.0):
    - FBReactNativeSpec (= 0.64.0)
    - RCT-Folly (= 2020.01.13.00)
    - RCTTypeSafety (= 0.64.0)
    - React-Core/RCTSettingsHeaders (= 0.64.0)
    - React-jsi (= 0.64.0)
    - ReactCommon/turbomodule/core (= 0.64.0)
  - React-RCTText (0.64.0):
    - React-Core/RCTTextHeaders (= 0.64.0)
  - React-RCTVibration (0.64.0):
    - FBReactNativeSpec (= 0.64.0)
    - RCT-Folly (= 2020.01.13.00)
    - React-Core/RCTVibrationHeaders (= 0.64.0)
    - React-jsi (= 0.64.0)
    - ReactCommon/turbomodule/core (= 0.64.0)
  - React-runtimeexecutor (0.64.0):
    - React-jsi (= 0.64.0)
  - ReactCommon/turbomodule/core (0.64.0):
    - DoubleConversion
    - glog
    - RCT-Folly (= 2020.01.13.00)
    - React-callinvoker (= 0.64.0)
    - React-Core (= 0.64.0)
    - React-cxxreact (= 0.64.0)
    - React-jsi (= 0.64.0)
    - React-perflogger (= 0.64.0)
  - ReactNativeART (1.2.0):
    - React
  - RNCAsyncStorage (1.12.1):
    - React-Core
  - RNCMaskedView (0.1.11):
    - React
  - RNDateTimePicker (3.5.2):
    - React-Core
  - RNDeviceInfo (8.5.1):
    - React-Core
  - RNFastImage (8.5.11):
    - React-Core
    - SDWebImage (~> 5.11.1)
    - SDWebImageWebPCoder (~> 0.8.4)
  - RNFBApp (12.9.3):
    - Firebase/CoreOnly (= 8.8.0)
    - React-Core
  - RNFBAuth (12.9.3):
    - Firebase/Auth (= 8.8.0)
    - React-Core
    - RNFBApp
  - RNFBDatabase (12.9.3):
    - Firebase/Database (= 8.8.0)
    - React-Core
    - RNFBApp
  - RNFBMessaging (12.9.3):
    - Firebase/Messaging (= 8.8.0)
    - React-Core
    - RNFBApp
  - RNGestureHandler (1.10.3):
    - React-Core
  - RNGoogleSignin (7.2.1):
    - GoogleSignIn (~> 6.1.0)
    - React-Core
  - RNImageCropPicker (0.36.4):
    - React-Core
    - React-RCTImage
    - RNImageCropPicker/QBImagePickerController (= 0.36.4)
    - TOCropViewController
  - RNImageCropPicker/QBImagePickerController (0.36.4):
    - React-Core
    - React-RCTImage
    - TOCropViewController
  - RNReanimated (2.4.1):
    - DoubleConversion
    - FBLazyVector
    - FBReactNativeSpec
    - glog
    - RCT-Folly
    - RCTRequired
    - RCTTypeSafety
    - React
    - React-callinvoker
    - React-Core
    - React-Core/DevSupport
    - React-Core/RCTWebSocket
    - React-CoreModules
    - React-cxxreact
    - React-jsi
    - React-jsiexecutor
    - React-jsinspector
    - React-RCTActionSheet
    - React-RCTAnimation
    - React-RCTBlob
    - React-RCTImage
    - React-RCTLinking
    - React-RCTNetwork
    - React-RCTSettings
    - React-RCTText
    - ReactCommon/turbomodule/core
    - Yoga
  - RNScreens (3.13.1):
    - React-Core
    - React-RCTImage
  - RNSVG (12.3.0):
    - React-Core
  - RNVectorIcons (8.1.0):
    - React-Core
  - SDWebImage (5.11.1):
    - SDWebImage/Core (= 5.11.1)
  - SDWebImage/Core (5.11.1)
  - SDWebImageWebPCoder (0.8.5):
    - libwebp (~> 1.0)
    - SDWebImage/Core (~> 5.10)
  - Toast (4.0.0)
  - TOCropViewController (2.6.1)
  - Yoga (1.14.0)
  - YogaKit (1.18.1):
    - Yoga (~> 1.14)

DEPENDENCIES:
  - BVLinearGradient (from `../node_modules/react-native-linear-gradient`)
  - DoubleConversion (from `../node_modules/react-native/third-party-podspecs/DoubleConversion.podspec`)
  - FBLazyVector (from `../node_modules/react-native/Libraries/FBLazyVector`)
  - FBReactNativeSpec (from `../node_modules/react-native/React/FBReactNativeSpec`)
  - Flipper (~> 0.75.1)
  - Flipper-DoubleConversion (= 1.1.7)
  - Flipper-Folly (~> 2.5)
  - Flipper-Glog (= 0.3.6)
  - Flipper-PeerTalk (~> 0.0.4)
  - Flipper-RSocket (~> 1.3)
  - FlipperKit (~> 0.75.1)
  - FlipperKit/Core (~> 0.75.1)
  - FlipperKit/CppBridge (~> 0.75.1)
  - FlipperKit/FBCxxFollyDynamicConvert (~> 0.75.1)
  - FlipperKit/FBDefines (~> 0.75.1)
  - FlipperKit/FKPortForwarding (~> 0.75.1)
  - FlipperKit/FlipperKitHighlightOverlay (~> 0.75.1)
  - FlipperKit/FlipperKitLayoutPlugin (~> 0.75.1)
  - FlipperKit/FlipperKitLayoutTextSearchable (~> 0.75.1)
  - FlipperKit/FlipperKitNetworkPlugin (~> 0.75.1)
  - FlipperKit/FlipperKitReactPlugin (~> 0.75.1)
  - FlipperKit/FlipperKitUserDefaultsPlugin (~> 0.75.1)
  - FlipperKit/SKIOSNetworkPlugin (~> 0.75.1)
  - glog (from `../node_modules/react-native/third-party-podspecs/glog.podspec`)
  - RCT-Folly (from `../node_modules/react-native/third-party-podspecs/RCT-Folly.podspec`)
  - RCTRequired (from `../node_modules/react-native/Libraries/RCTRequired`)
  - RCTTypeSafety (from `../node_modules/react-native/Libraries/TypeSafety`)
  - React (from `../node_modules/react-native/`)
  - React-callinvoker (from `../node_modules/react-native/ReactCommon/callinvoker`)
  - React-Core (from `../node_modules/react-native/`)
  - React-Core/DevSupport (from `../node_modules/react-native/`)
  - React-Core/RCTWebSocket (from `../node_modules/react-native/`)
  - React-CoreModules (from `../node_modules/react-native/React/CoreModules`)
  - React-cxxreact (from `../node_modules/react-native/ReactCommon/cxxreact`)
  - React-jsi (from `../node_modules/react-native/ReactCommon/jsi`)
  - React-jsiexecutor (from `../node_modules/react-native/ReactCommon/jsiexecutor`)
  - React-jsinspector (from `../node_modules/react-native/ReactCommon/jsinspector`)
  - react-native-camera (from `../node_modules/react-native-camera`)
  - react-native-encrypted-storage (from `../node_modules/react-native-encrypted-storage`)
  - react-native-image-base64 (from `../node_modules/react-native-image-base64`)
  - react-native-image-picker (from `../node_modules/react-native-image-picker`)
  - react-native-maps (from `../node_modules/react-native-maps`)
  - "react-native-netinfo (from `../node_modules/@react-native-community/netinfo`)"
  - react-native-pager-view (from `../node_modules/react-native-pager-view`)
  - react-native-safe-area-context (from `../node_modules/react-native-safe-area-context`)
  - react-native-simple-toast (from `../node_modules/react-native-simple-toast`)
  - react-native-video (from `../node_modules/react-native-video`)
  - react-native-webview (from `../node_modules/react-native-webview`)
  - React-perflogger (from `../node_modules/react-native/ReactCommon/reactperflogger`)
  - React-RCTActionSheet (from `../node_modules/react-native/Libraries/ActionSheetIOS`)
  - React-RCTAnimation (from `../node_modules/react-native/Libraries/NativeAnimation`)
  - React-RCTBlob (from `../node_modules/react-native/Libraries/Blob`)
  - React-RCTImage (from `../node_modules/react-native/Libraries/Image`)
  - React-RCTLinking (from `../node_modules/react-native/Libraries/LinkingIOS`)
  - React-RCTNetwork (from `../node_modules/react-native/Libraries/Network`)
  - React-RCTSettings (from `../node_modules/react-native/Libraries/Settings`)
  - React-RCTText (from `../node_modules/react-native/Libraries/Text`)
  - React-RCTVibration (from `../node_modules/react-native/Libraries/Vibration`)
  - React-runtimeexecutor (from `../node_modules/react-native/ReactCommon/runtimeexecutor`)
  - ReactCommon/turbomodule/core (from `../node_modules/react-native/ReactCommon`)
  - "ReactNativeART (from `../node_modules/@react-native-community/art`)"
  - "RNCAsyncStorage (from `../node_modules/@react-native-community/async-storage`)"
  - "RNCMaskedView (from `../node_modules/@react-native-community/masked-view`)"
  - "RNDateTimePicker (from `../node_modules/@react-native-community/datetimepicker`)"
  - RNDeviceInfo (from `../node_modules/react-native-device-info`)
  - RNFastImage (from `../node_modules/react-native-fast-image`)
  - "RNFBApp (from `../node_modules/@react-native-firebase/app`)"
  - "RNFBAuth (from `../node_modules/@react-native-firebase/auth`)"
  - "RNFBDatabase (from `../node_modules/@react-native-firebase/database`)"
  - "RNFBMessaging (from `../node_modules/@react-native-firebase/messaging`)"
  - RNGestureHandler (from `../node_modules/react-native-gesture-handler`)
  - "RNGoogleSignin (from `../node_modules/@react-native-google-signin/google-signin`)"
  - RNImageCropPicker (from `../node_modules/react-native-image-crop-picker`)
  - RNReanimated (from `../node_modules/react-native-reanimated`)
  - RNScreens (from `../node_modules/react-native-screens`)
  - RNSVG (from `../node_modules/react-native-svg`)
  - RNVectorIcons (from `../node_modules/react-native-vector-icons`)
  - Yoga (from `../node_modules/react-native/ReactCommon/yoga`)

SPEC REPOS:
  trunk:
    - AppAuth
    - boost-for-react-native
    - CocoaAsyncSocket
    - Firebase
    - FirebaseAuth
    - FirebaseCore
    - FirebaseCoreDiagnostics
    - FirebaseDatabase
    - FirebaseInstallations
    - FirebaseMessaging
    - Flipper
    - Flipper-Boost-iOSX
    - Flipper-DoubleConversion
    - Flipper-Fmt
    - Flipper-Folly
    - Flipper-Glog
    - Flipper-PeerTalk
    - Flipper-RSocket
    - FlipperKit
    - GoogleDataTransport
    - GoogleSignIn
    - GoogleUtilities
    - GTMAppAuth
    - GTMSessionFetcher
    - leveldb-library
    - libevent
    - libwebp
    - nanopb
    - OpenSSL-Universal
    - PromisesObjC
    - SDWebImage
    - SDWebImageWebPCoder
    - Toast
    - TOCropViewController
    - YogaKit

EXTERNAL SOURCES:
  BVLinearGradient:
    :path: "../node_modules/react-native-linear-gradient"
  DoubleConversion:
    :podspec: "../node_modules/react-native/third-party-podspecs/DoubleConversion.podspec"
  FBLazyVector:
    :path: "../node_modules/react-native/Libraries/FBLazyVector"
  FBReactNativeSpec:
    :path: "../node_modules/react-native/React/FBReactNativeSpec"
  glog:
    :podspec: "../node_modules/react-native/third-party-podspecs/glog.podspec"
  RCT-Folly:
    :podspec: "../node_modules/react-native/third-party-podspecs/RCT-Folly.podspec"
  RCTRequired:
    :path: "../node_modules/react-native/Libraries/RCTRequired"
  RCTTypeSafety:
    :path: "../node_modules/react-native/Libraries/TypeSafety"
  React:
    :path: "../node_modules/react-native/"
  React-callinvoker:
    :path: "../node_modules/react-native/ReactCommon/callinvoker"
  React-Core:
    :path: "../node_modules/react-native/"
  React-CoreModules:
    :path: "../node_modules/react-native/React/CoreModules"
  React-cxxreact:
    :path: "../node_modules/react-native/ReactCommon/cxxreact"
  React-jsi:
    :path: "../node_modules/react-native/ReactCommon/jsi"
  React-jsiexecutor:
    :path: "../node_modules/react-native/ReactCommon/jsiexecutor"
  React-jsinspector:
    :path: "../node_modules/react-native/ReactCommon/jsinspector"
  react-native-camera:
    :path: "../node_modules/react-native-camera"
  react-native-encrypted-storage:
    :path: "../node_modules/react-native-encrypted-storage"
  react-native-image-base64:
    :path: "../node_modules/react-native-image-base64"
  react-native-image-picker:
    :path: "../node_modules/react-native-image-picker"
  react-native-maps:
    :path: "../node_modules/react-native-maps"
  react-native-netinfo:
    :path: "../node_modules/@react-native-community/netinfo"
  react-native-pager-view:
    :path: "../node_modules/react-native-pager-view"
  react-native-safe-area-context:
    :path: "../node_modules/react-native-safe-area-context"
  react-native-simple-toast:
    :path: "../node_modules/react-native-simple-toast"
  react-native-video:
    :path: "../node_modules/react-native-video"
  react-native-webview:
    :path: "../node_modules/react-native-webview"
  React-perflogger:
    :path: "../node_modules/react-native/ReactCommon/reactperflogger"
  React-RCTActionSheet:
    :path: "../node_modules/react-native/Libraries/ActionSheetIOS"
  React-RCTAnimation:
    :path: "../node_modules/react-native/Libraries/NativeAnimation"
  React-RCTBlob:
    :path: "../node_modules/react-native/Libraries/Blob"
  React-RCTImage:
    :path: "../node_modules/react-native/Libraries/Image"
  React-RCTLinking:
    :path: "../node_modules/react-native/Libraries/LinkingIOS"
  React-RCTNetwork:
    :path: "../node_modules/react-native/Libraries/Network"
  React-RCTSettings:
    :path: "../node_modules/react-native/Libraries/Settings"
  React-RCTText:
    :path: "../node_modules/react-native/Libraries/Text"
  React-RCTVibration:
    :path: "../node_modules/react-native/Libraries/Vibration"
  React-runtimeexecutor:
    :path: "../node_modules/react-native/ReactCommon/runtimeexecutor"
  ReactCommon:
    :path: "../node_modules/react-native/ReactCommon"
  ReactNativeART:
    :path: "../node_modules/@react-native-community/art"
  RNCAsyncStorage:
    :path: "../node_modules/@react-native-community/async-storage"
  RNCMaskedView:
    :path: "../node_modules/@react-native-community/masked-view"
  RNDateTimePicker:
    :path: "../node_modules/@react-native-community/datetimepicker"
  RNDeviceInfo:
    :path: "../node_modules/react-native-device-info"
  RNFastImage:
    :path: "../node_modules/react-native-fast-image"
  RNFBApp:
    :path: "../node_modules/@react-native-firebase/app"
  RNFBAuth:
    :path: "../node_modules/@react-native-firebase/auth"
  RNFBDatabase:
    :path: "../node_modules/@react-native-firebase/database"
  RNFBMessaging:
    :path: "../node_modules/@react-native-firebase/messaging"
  RNGestureHandler:
    :path: "../node_modules/react-native-gesture-handler"
  RNGoogleSignin:
    :path: "../node_modules/@react-native-google-signin/google-signin"
  RNImageCropPicker:
    :path: "../node_modules/react-native-image-crop-picker"
  RNReanimated:
    :path: "../node_modules/react-native-reanimated"
  RNScreens:
    :path: "../node_modules/react-native-screens"
  RNSVG:
    :path: "../node_modules/react-native-svg"
  RNVectorIcons:
    :path: "../node_modules/react-native-vector-icons"
  Yoga:
    :path: "../node_modules/react-native/ReactCommon/yoga"

SPEC CHECKSUMS:
  AppAuth: 80317d99ac7ff2801a2f18ff86b48cd315ed465d
  boost-for-react-native: 39c7adb57c4e60d6c5479dd8623128eb5b3f0f2c
  BVLinearGradient: e3aad03778a456d77928f594a649e96995f1c872
  CocoaAsyncSocket: 065fd1e645c7abab64f7a6a2007a48038fdc6a99
  DoubleConversion: cf9b38bf0b2d048436d9a82ad2abe1404f11e7de
  FBLazyVector: 49cbe4b43e445b06bf29199b6ad2057649e4c8f5
  FBReactNativeSpec: 755e412a16cdc9ddb4922c5d3a174ad484e199c4
  Firebase: 629510f1a9ddb235f3a7c5c8ceb23ba887f0f814
  FirebaseAuth: bcf0adeff88bda5dcb3beeabe5760f1226ab7b2f
  FirebaseCore: 98b29e3828f0a53651c363937a7f7d92a19f1ba2
  FirebaseCoreDiagnostics: 92e07a649aeb66352b319d43bdd2ee3942af84cb
  FirebaseDatabase: bc4610ff3a816dcc680c1dbccf7f9f4bd94ac07d
  FirebaseInstallations: 40bd9054049b2eae9a2c38ef1c3dd213df3605cd
  FirebaseMessaging: 419b5c9d84f294a753c6501d8cfb9ced1ce37304
  Flipper: d3da1aa199aad94455ae725e9f3aa43f3ec17021
  Flipper-Boost-iOSX: fd1e2b8cbef7e662a122412d7ac5f5bea715403c
  Flipper-DoubleConversion: 38631e41ef4f9b12861c67d17cb5518d06badc41
  Flipper-Fmt: 60cbdd92fc254826e61d669a5d87ef7015396a9b
  Flipper-Folly: 584845625005ff068a6ebf41f857f468decd26b3
  Flipper-Glog: 1dfd6abf1e922806c52ceb8701a3599a79a200a6
  Flipper-PeerTalk: 116d8f857dc6ef55c7a5a75ea3ceaafe878aadc9
  Flipper-RSocket: d9d9ade67cbecf6ac10730304bf5607266dd2541
  FlipperKit: 8a20b5c5fcf9436cac58551dc049867247f64b00
  glog: 73c2498ac6884b13ede40eda8228cb1eee9d9d62
  GoogleDataTransport: 5fffe35792f8b96ec8d6775f5eccd83c998d5a3b
  GoogleSignIn: c90b5bec45e780f54c6a8e1e3c182a86e3dda69d
  GoogleUtilities: e0913149f6b0625b553d70dae12b49fc62914fd1
  GTMAppAuth: 4d8f864896f3646f0c33baf38a28362f4c601e15
  GTMSessionFetcher: 5595ec75acf5be50814f81e9189490412bad82ba
  leveldb-library: 50c7b45cbd7bf543c81a468fe557a16ae3db8729
  libevent: 4049cae6c81cdb3654a443be001fb9bdceff7913
  libwebp: 98a37e597e40bfdb4c911fc98f2c53d0b12d05fc
  nanopb: a0ba3315591a9ae0a16a309ee504766e90db0c96
  OpenSSL-Universal: ebc357f1e6bc71fa463ccb2fe676756aff50e88c
  PromisesObjC: ab77feca74fa2823e7af4249b8326368e61014cb
  RCT-Folly: ec7a233ccc97cc556cf7237f0db1ff65b986f27c
  RCTRequired: 2f8cb5b7533219bf4218a045f92768129cf7050a
  RCTTypeSafety: 512728b73549e72ad7330b92f3d42936f2a4de5b
  React: 98eac01574128a790f0bbbafe2d1a8607291ac24
  React-callinvoker: def3f7fae16192df68d9b69fd4bbb59092ee36bc
  React-Core: 70a52aa5dbe9b83befae82038451a7df9fd54c5a
  React-CoreModules: 052edef46117862e2570eb3a0f06d81c61d2c4b8
  React-cxxreact: c1dc71b30653cfb4770efdafcbdc0ad6d388baab
  React-jsi: 74341196d9547cbcbcfa4b3bbbf03af56431d5a1
  React-jsiexecutor: 06a9c77b56902ae7ffcdd7a4905f664adc5d237b
  React-jsinspector: 0ae35a37b20d5e031eb020a69cc5afdbd6406301
  react-native-camera: 3eae183c1d111103963f3dd913b65d01aef8110f
  react-native-encrypted-storage: e78d848ce0fb663c2ce306e37921d026809322e6
  react-native-image-base64: 2ff9ac788639c87a91361ab6652cc95e871b1e54
  react-native-image-picker: 4e6008ad8c2321622affa2c85432a5ebd02d480c
  react-native-maps: a421fe6aeb74279597c4ea9598f25796108e2d89
  react-native-netinfo: 3d3769f0d65de15c83a9bf1346f8be71de5a24bf
  react-native-pager-view: b1914469643f40042e65d78cbf3d3dfebd6fb0d9
  react-native-safe-area-context: 9e40fb181dac02619414ba1294d6c2a807056ab9
  react-native-simple-toast: bf002828cf816775a6809f7a9ec3907509bce11f
  react-native-video: a4c2635d0802f983594b7057e1bce8f442f0ad28
  react-native-webview: 380c1a03ec94b7ed764dac8db1e7c9952d08c93a
  React-perflogger: 9c547d8f06b9bf00cb447f2b75e8d7f19b7e02af
  React-RCTActionSheet: 3080b6e12e0e1a5b313c8c0050699b5c794a1b11
  React-RCTAnimation: 3f96f21a497ae7dabf4d2f150ee43f906aaf516f
  React-RCTBlob: 283b8e5025e7f954176bc48164f846909002f3ed
  React-RCTImage: 5088a484faac78f2d877e1b79125d3bb1ea94a16
  React-RCTLinking: 5e8fbb3e9a8bc2e4e3eb15b1eb8bda5fcac27b8c
  React-RCTNetwork: 38ec277217b1e841d5e6a1fa78da65b9212ccb28
  React-RCTSettings: 242d6e692108c3de4f3bb74b7586a8799e9ab070
  React-RCTText: 8746736ac8eb5a4a74719aa695b7a236a93a83d2
  React-RCTVibration: 0fd6b21751a33cb72fce1a4a33ab9678416d307a
  React-runtimeexecutor: cad74a1eaa53ee6e7a3620231939d8fe2c6afcf0
  ReactCommon: cfe2b7fd20e0dbd2d1185cd7d8f99633fbc5ff05
  ReactNativeART: 78edc68dd4a1e675338cd0cd113319cf3a65f2ab
  RNCAsyncStorage: b03032fdbdb725bea0bd9e5ec5a7272865ae7398
  RNCMaskedView: 0e1bc4bfa8365eba5fbbb71e07fbdc0555249489
  RNDateTimePicker: 7658208086d86d09e1627b5c34ba0cf237c60140
  RNDeviceInfo: 8d4177859b062334835962799460528869a487fb
  RNFastImage: 1f2cab428712a4baaf78d6169eaec7f622556dd7
  RNFBApp: 729c0666395b1953198dc4a1ec6deb8fbe1c302e
  RNFBAuth: 7718be1152f5d1d0bb970a8d33094d010f1ac21c
  RNFBDatabase: 1e8e42f296c43f812ac91fe078ceedbf02c77a23
  RNFBMessaging: 8415ec196e5c1196caa26ec0742cdb48ed4d0f97
  RNGestureHandler: a479ebd5ed4221a810967000735517df0d2db211
  RNGoogleSignin: 824ef4924ecb709477fc9f39d6557baeded867c4
  RNImageCropPicker: 73891a709e6fd8a47d32104d942757971f220aee
  RNReanimated: 58e7b950e0172235ff8296dd39ec145f9577e301
  RNScreens: 40a2cb40a02a609938137a1e0acfbf8fc9eebf19
  RNSVG: 302bfc9905bd8122f08966dc2ce2d07b7b52b9f8
  RNVectorIcons: 31cebfcf94e8cf8686eb5303ae0357da64d7a5a4
  SDWebImage: a7f831e1a65eb5e285e3fb046a23fcfbf08e696d
  SDWebImageWebPCoder: 908b83b6adda48effe7667cd2b7f78c897e5111d
  Toast: 91b396c56ee72a5790816f40d3a94dd357abc196
  TOCropViewController: edfd4f25713d56905ad1e0b9f5be3fbe0f59c863
  Yoga: 8c8436d4171c87504c648ae23b1d81242bdf3bbf
  YogaKit: f782866e155069a2cca2517aafea43200b01fd5a

PODFILE CHECKSUM: 5babc8742ddfc458947c203afaad8e55eb18f6a7

COCOAPODS: 1.11.2
